
Microsoft Visual Studio Solution File, Format Version 12.00
# Visual Studio Version 16
VisualStudioVersion = 16.0.29215.179
MinimumVisualStudioVersion = 10.0.40219.1
Project("{9A19103F-16F7-4668-BE54-9A1E7A4F7556}") = "Mealy", "Mealy\Mealy.csproj", "{E0595A1C-A402-48BD-A295-02AEA3583B22}"
EndProject
Project("{9A19103F-16F7-4668-BE54-9A1E7A4F7556}") = "PullBack", "PullBack\PullBack.csproj", "{E2CA1BCA-36AB-421D-BF14-D9400E4DDDF4}"
EndProject
Project("{9A19103F-16F7-4668-BE54-9A1E7A4F7556}") = "MainApplication", "MainApplication\MainApplication.csproj", "{8C46DABE-2042-4621-AB1A-63EA8913BFC6}"
EndProject
Project("{9A19103F-16F7-4668-BE54-9A1E7A4F7556}") = "AspNetCoreMvc", "AspNetCoreMvc\AspNetCoreMvc.csproj", "{98F2742D-6EF1-42EF-AE12-26020CA3B7F4}"
EndProject
Project("{9A19103F-16F7-4668-BE54-9A1E7A4F7556}") = "AspNetCoreMvcViews", "AspNetCoreMvcViews\AspNetCoreMvcViews.csproj", "{3B74739D-85B6-453F-B21C-297E6A9AB769}"
EndProject
Project("{9A19103F-16F7-4668-BE54-9A1E7A4F7556}") = "AspNetCoreMvcRouting", "AspNetCoreMvcRouting\AspNetCoreMvcRouting.csproj", "{54AD8487-E62F-43E9-AFA4-65563A620BF3}"
EndProject
Project("{FAE04EC0-301F-11D3-BF4B-00C04F79EFBC}") = "WebApplication1", "WebApplication1\WebApplication1.csproj", "{5F47B386-CDBA-493D-B02F-DF834BBDC992}"
EndProject
Project("{FAE04EC0-301F-11D3-BF4B-00C04F79EFBC}") = "Lab5", "Lab5\Lab5.csproj", "{D99203FB-752C-47FD-8D4E-FA89D5E366E5}"
EndProject
Project("{9A19103F-16F7-4668-BE54-9A1E7A4F7556}") = "PushOut", "PushOut\PushOut.csproj", "{7D99D952-67D7-41F4-AF9C-67B33454ACBE}"
EndProject
Global
	GlobalSection(SolutionConfigurationPlatforms) = preSolution
		Debug|Any CPU = Debug|Any CPU
		Release|Any CPU = Release|Any CPU
	EndGlobalSection
	GlobalSection(ProjectConfigurationPlatforms) = postSolution
		{E0595A1C-A402-48BD-A295-02AEA3583B22}.Debug|Any CPU.ActiveCfg = Debug|Any CPU
		{E0595A1C-A402-48BD-A295-02AEA3583B22}.Debug|Any CPU.Build.0 = Debug|Any CPU
		{E0595A1C-A402-48BD-A295-02AEA3583B22}.Release|Any CPU.ActiveCfg = Release|Any CPU
		{E0595A1C-A402-48BD-A295-02AEA3583B22}.Release|Any CPU.Build.0 = Release|Any CPU
		{E2CA1BCA-36AB-421D-BF14-D9400E4DDDF4}.Debug|Any CPU.ActiveCfg = Debug|Any CPU
		{E2CA1BCA-36AB-421D-BF14-D9400E4DDDF4}.Debug|Any CPU.Build.0 = Debug|Any CPU
		{E2CA1BCA-36AB-421D-BF14-D9400E4DDDF4}.Release|Any CPU.ActiveCfg = Release|Any CPU
		{E2CA1BCA-36AB-421D-BF14-D9400E4DDDF4}.Release|Any CPU.Build.0 = Release|Any CPU
		{8C46DABE-2042-4621-AB1A-63EA8913BFC6}.Debug|Any CPU.ActiveCfg = Debug|Any CPU
		{8C46DABE-2042-4621-AB1A-63EA8913BFC6}.Debug|Any CPU.Build.0 = Debug|Any CPU
		{8C46DABE-2042-4621-AB1A-63EA8913BFC6}.Release|Any CPU.ActiveCfg = Release|Any CPU
		{8C46DABE-2042-4621-AB1A-63EA8913BFC6}.Release|Any CPU.Build.0 = Release|Any CPU
		{98F2742D-6EF1-42EF-AE12-26020CA3B7F4}.Debug|Any CPU.ActiveCfg = Debug|Any CPU
		{98F2742D-6EF1-42EF-AE12-26020CA3B7F4}.Debug|Any CPU.Build.0 = Debug|Any CPU
		{98F2742D-6EF1-42EF-AE12-26020CA3B7F4}.Release|Any CPU.ActiveCfg = Release|Any CPU
		{98F2742D-6EF1-42EF-AE12-26020CA3B7F4}.Release|Any CPU.Build.0 = Release|Any CPU
		{3B74739D-85B6-453F-B21C-297E6A9AB769}.Debug|Any CPU.ActiveCfg = Debug|Any CPU
		{3B74739D-85B6-453F-B21C-297E6A9AB769}.Debug|Any CPU.Build.0 = Debug|Any CPU
		{3B74739D-85B6-453F-B21C-297E6A9AB769}.Release|Any CPU.ActiveCfg = Release|Any CPU
		{3B74739D-85B6-453F-B21C-297E6A9AB769}.Release|Any CPU.Build.0 = Release|Any CPU
		{54AD8487-E62F-43E9-AFA4-65563A620BF3}.Debug|Any CPU.ActiveCfg = Debug|Any CPU
		{54AD8487-E62F-43E9-AFA4-65563A620BF3}.Debug|Any CPU.Build.0 = Debug|Any CPU
		{54AD8487-E62F-43E9-AFA4-65563A620BF3}.Release|Any CPU.ActiveCfg = Release|Any CPU
		{54AD8487-E62F-43E9-AFA4-65563A620BF3}.Release|Any CPU.Build.0 = Release|Any CPU
		{5F47B386-CDBA-493D-B02F-DF834BBDC992}.Debug|Any CPU.ActiveCfg = Debug|Any CPU
		{5F47B386-CDBA-493D-B02F-DF834BBDC992}.Debug|Any CPU.Build.0 = Debug|Any CPU
		{5F47B386-CDBA-493D-B02F-DF834BBDC992}.Release|Any CPU.ActiveCfg = Release|Any CPU
		{5F47B386-CDBA-493D-B02F-DF834BBDC992}.Release|Any CPU.Build.0 = Release|Any CPU
		{D99203FB-752C-47FD-8D4E-FA89D5E366E5}.Debug|Any CPU.ActiveCfg = Debug|Any CPU
		{D99203FB-752C-47FD-8D4E-FA89D5E366E5}.Debug|Any CPU.Build.0 = Debug|Any CPU
		{D99203FB-752C-47FD-8D4E-FA89D5E366E5}.Release|Any CPU.ActiveCfg = Release|Any CPU
		{D99203FB-752C-47FD-8D4E-FA89D5E366E5}.Release|Any CPU.Build.0 = Release|Any CPU
		{7D99D952-67D7-41F4-AF9C-67B33454ACBE}.Debug|Any CPU.ActiveCfg = Debug|Any CPU
		{7D99D952-67D7-41F4-AF9C-67B33454ACBE}.Debug|Any CPU.Build.0 = Debug|Any CPU
		{7D99D952-67D7-41F4-AF9C-67B33454ACBE}.Release|Any CPU.ActiveCfg = Release|Any CPU
		{7D99D952-67D7-41F4-AF9C-67B33454ACBE}.Release|Any CPU.Build.0 = Release|Any CPU
	EndGlobalSection
	GlobalSection(SolutionProperties) = preSolution
		HideSolutionNode = FALSE
	EndGlobalSection
	GlobalSection(ExtensibilityGlobals) = postSolution
		SolutionGuid = {9F029FD4-E291-488A-B0BC-7D75400BC368}
	EndGlobalSection
EndGlobal
